
Microsoft Visual Studio Solution File, Format Version 12.00
# Visual Studio Version 16
VisualStudioVersion = 16.0.31129.286
MinimumVisualStudioVersion = 10.0.40219.1
Project("{FAE04EC0-301F-11D3-BF4B-00C04F79EFBC}") = "curso.api", "curso.api\curso.api.csproj", "{E99E08BC-FE16-42F8-BCC5-CEF2F11662C8}"
EndProject
Global
	GlobalSection(SolutionConfigurationPlatforms) = preSolution
		Debug|Any CPU = Debug|Any CPU
		Release|Any CPU = Release|Any CPU
	EndGlobalSection
	GlobalSection(ProjectConfigurationPlatforms) = postSolution
		{E99E08BC-FE16-42F8-BCC5-CEF2F11662C8}.Debug|Any CPU.ActiveCfg = Debug|Any CPU
		{E99E08BC-FE16-42F8-BCC5-CEF2F11662C8}.Debug|Any CPU.Build.0 = Debug|Any CPU
		{E99E08BC-FE16-42F8-BCC5-CEF2F11662C8}.Release|Any CPU.ActiveCfg = Release|Any CPU
		{E99E08BC-FE16-42F8-BCC5-CEF2F11662C8}.Release|Any CPU.Build.0 = Release|Any CPU
	EndGlobalSection
	GlobalSection(SolutionProperties) = preSolution
		HideSolutionNode = FALSE
	EndGlobalSection
	GlobalSection(ExtensibilityGlobals) = postSolution
		SolutionGuid = {076BAF2A-2AD1-4321-B43C-FA950A8EB77A}
	EndGlobalSection
EndGlobal
